
Microsoft Visual Studio Solution File, Format Version 12.00
# Visual Studio Version 17
VisualStudioVersion = 17.8.34525.116
MinimumVisualStudioVersion = 10.0.40219.1
Project("{9A19103F-16F7-4668-BE54-9A1E7A4F7556}") = "CleanArchMVC.Domain", "CleanArchMVC.Domain\CleanArchMVC.Domain.csproj", "{5021F159-7AFF-48A4-8586-66DD2171D5EE}"
EndProject
Project("{9A19103F-16F7-4668-BE54-9A1E7A4F7556}") = "CleanArchMVC.Application", "CleanArchMVC.Application\CleanArchMVC.Application.csproj", "{DCBC900A-2629-49EA-91FC-76A2119CFA20}"
EndProject
Project("{9A19103F-16F7-4668-BE54-9A1E7A4F7556}") = "CleanArchMVC.Infra.Data", "CleanArchMVC.Infra.Data\CleanArchMVC.Infra.Data.csproj", "{0898BCB1-691D-4DC0-9F06-0E8B900F25EE}"
EndProject
Project("{9A19103F-16F7-4668-BE54-9A1E7A4F7556}") = "CleanArchMVC.Infra.IoC", "CleanArchMVC.IoC\CleanArchMVC.Infra.IoC.csproj", "{E06DC6D0-E655-4520-8243-2467BB7E00D0}"
EndProject
Project("{9A19103F-16F7-4668-BE54-9A1E7A4F7556}") = "CleanArchMVC.WebUI", "CleanArchMVC.WebUI\CleanArchMVC.WebUI.csproj", "{55FA9D42-0D1B-4E9A-B812-6CC683292FA1}"
EndProject
Project("{9A19103F-16F7-4668-BE54-9A1E7A4F7556}") = "CleanArchMVC.Domain.Tests", "CleanArchMVC.Domain.Tests\CleanArchMVC.Domain.Tests.csproj", "{BD37DE09-DC6F-4644-81CE-3958F15AB060}"
EndProject
Global
	GlobalSection(SolutionConfigurationPlatforms) = preSolution
		Debug|Any CPU = Debug|Any CPU
		Release|Any CPU = Release|Any CPU
	EndGlobalSection
	GlobalSection(ProjectConfigurationPlatforms) = postSolution
		{5021F159-7AFF-48A4-8586-66DD2171D5EE}.Debug|Any CPU.ActiveCfg = Debug|Any CPU
		{5021F159-7AFF-48A4-8586-66DD2171D5EE}.Debug|Any CPU.Build.0 = Debug|Any CPU
		{5021F159-7AFF-48A4-8586-66DD2171D5EE}.Release|Any CPU.ActiveCfg = Release|Any CPU
		{5021F159-7AFF-48A4-8586-66DD2171D5EE}.Release|Any CPU.Build.0 = Release|Any CPU
		{DCBC900A-2629-49EA-91FC-76A2119CFA20}.Debug|Any CPU.ActiveCfg = Debug|Any CPU
		{DCBC900A-2629-49EA-91FC-76A2119CFA20}.Debug|Any CPU.Build.0 = Debug|Any CPU
		{DCBC900A-2629-49EA-91FC-76A2119CFA20}.Release|Any CPU.ActiveCfg = Release|Any CPU
		{DCBC900A-2629-49EA-91FC-76A2119CFA20}.Release|Any CPU.Build.0 = Release|Any CPU
		{0898BCB1-691D-4DC0-9F06-0E8B900F25EE}.Debug|Any CPU.ActiveCfg = Debug|Any CPU
		{0898BCB1-691D-4DC0-9F06-0E8B900F25EE}.Debug|Any CPU.Build.0 = Debug|Any CPU
		{0898BCB1-691D-4DC0-9F06-0E8B900F25EE}.Release|Any CPU.ActiveCfg = Release|Any CPU
		{0898BCB1-691D-4DC0-9F06-0E8B900F25EE}.Release|Any CPU.Build.0 = Release|Any CPU
		{E06DC6D0-E655-4520-8243-2467BB7E00D0}.Debug|Any CPU.ActiveCfg = Debug|Any CPU
		{E06DC6D0-E655-4520-8243-2467BB7E00D0}.Debug|Any CPU.Build.0 = Debug|Any CPU
		{E06DC6D0-E655-4520-8243-2467BB7E00D0}.Release|Any CPU.ActiveCfg = Release|Any CPU
		{E06DC6D0-E655-4520-8243-2467BB7E00D0}.Release|Any CPU.Build.0 = Release|Any CPU
		{55FA9D42-0D1B-4E9A-B812-6CC683292FA1}.Debug|Any CPU.ActiveCfg = Debug|Any CPU
		{55FA9D42-0D1B-4E9A-B812-6CC683292FA1}.Debug|Any CPU.Build.0 = Debug|Any CPU
		{55FA9D42-0D1B-4E9A-B812-6CC683292FA1}.Release|Any CPU.ActiveCfg = Release|Any CPU
		{55FA9D42-0D1B-4E9A-B812-6CC683292FA1}.Release|Any CPU.Build.0 = Release|Any CPU
		{BD37DE09-DC6F-4644-81CE-3958F15AB060}.Debug|Any CPU.ActiveCfg = Debug|Any CPU
		{BD37DE09-DC6F-4644-81CE-3958F15AB060}.Debug|Any CPU.Build.0 = Debug|Any CPU
		{BD37DE09-DC6F-4644-81CE-3958F15AB060}.Release|Any CPU.ActiveCfg = Release|Any CPU
		{BD37DE09-DC6F-4644-81CE-3958F15AB060}.Release|Any CPU.Build.0 = Release|Any CPU
	EndGlobalSection
	GlobalSection(SolutionProperties) = preSolution
		HideSolutionNode = FALSE
	EndGlobalSection
	GlobalSection(ExtensibilityGlobals) = postSolution
		SolutionGuid = {7F037B56-B8FF-4E17-A9FF-4852F313F298}
	EndGlobalSection
EndGlobal
